// !$*UTF8*$!
{
	archiveVersion = 1;
	classes = {
	};
	objectVersion = 51;
	objects = {

/* Begin PBXBuildFile section */
		15BE8846B1B80DD27BB6EFB4 /* Pods_Orange_Market.framework in Frameworks */ = {isa = PBXBuildFile; fileRef = 5CC4D7381A761C52278576A3 /* Pods_Orange_Market.framework */; };
		8D0EA9D225FAF8F800514930 /* LoginViewController.swift in Sources */ = {isa = PBXBuildFile; fileRef = 8D0EA9D125FAF8F800514930 /* LoginViewController.swift */; };
		8D0EA9D825FAF95000514930 /* LoginContainerNode.swift in Sources */ = {isa = PBXBuildFile; fileRef = 8D0EA9D725FAF95000514930 /* LoginContainerNode.swift */; };
		8D0EA9DC25FB020100514930 /* LoginViewModel.swift in Sources */ = {isa = PBXBuildFile; fileRef = 8D0EA9DB25FB020100514930 /* LoginViewModel.swift */; };
		8D0EA9E125FB023E00514930 /* ViewModelType.swift in Sources */ = {isa = PBXBuildFile; fileRef = 8D0EA9E025FB023E00514930 /* ViewModelType.swift */; };
		8D2F98932600285400C8BE0C /* ProductAddViewController.swift in Sources */ = {isa = PBXBuildFile; fileRef = 8D2F98922600285400C8BE0C /* ProductAddViewController.swift */; };
		8D2F989926002BFF00C8BE0C /* ProductAddContainer.swift in Sources */ = {isa = PBXBuildFile; fileRef = 8D2F989826002BFF00C8BE0C /* ProductAddContainer.swift */; };
		8D2F989C260042CB00C8BE0C /* ProductAddViewModel.swift in Sources */ = {isa = PBXBuildFile; fileRef = 8D2F989B260042CB00C8BE0C /* ProductAddViewModel.swift */; };
		8D2F989F2600437800C8BE0C /* UploadAPI.swift in Sources */ = {isa = PBXBuildFile; fileRef = 8D2F989E2600437800C8BE0C /* UploadAPI.swift */; };
		8D2F98A22600469500C8BE0C /* UploadRemote.swift in Sources */ = {isa = PBXBuildFile; fileRef = 8D2F98A12600469500C8BE0C /* UploadRemote.swift */; };
		8D2F98A526004C5000C8BE0C /* UploadRepository.swift in Sources */ = {isa = PBXBuildFile; fileRef = 8D2F98A426004C5000C8BE0C /* UploadRepository.swift */; };
		8D2F98A826004C9500C8BE0C /* UploadRepositoryImpl.swift in Sources */ = {isa = PBXBuildFile; fileRef = 8D2F98A726004C9500C8BE0C /* UploadRepositoryImpl.swift */; };
		8D2F98AB2600561A00C8BE0C /* ProductImageCell.swift in Sources */ = {isa = PBXBuildFile; fileRef = 8D2F98AA2600561A00C8BE0C /* ProductImageCell.swift */; };
		8D96E5B426006FA000A1292D /* ProductRequest.swift in Sources */ = {isa = PBXBuildFile; fileRef = 8D96E5B326006F9F00A1292D /* ProductRequest.swift */; };
		8DC1E0EB25FAE56A00A1CA7E /* AppDelegate.swift in Sources */ = {isa = PBXBuildFile; fileRef = 8DC1E0EA25FAE56A00A1CA7E /* AppDelegate.swift */; };
		8DC1E0ED25FAE56A00A1CA7E /* SceneDelegate.swift in Sources */ = {isa = PBXBuildFile; fileRef = 8DC1E0EC25FAE56A00A1CA7E /* SceneDelegate.swift */; };
		8DC1E0EF25FAE56A00A1CA7E /* StartViewController.swift in Sources */ = {isa = PBXBuildFile; fileRef = 8DC1E0EE25FAE56A00A1CA7E /* StartViewController.swift */; };
		8DC1E0F425FAE56B00A1CA7E /* Assets.xcassets in Resources */ = {isa = PBXBuildFile; fileRef = 8DC1E0F325FAE56B00A1CA7E /* Assets.xcassets */; };
		8DC1E0F725FAE56B00A1CA7E /* LaunchScreen.storyboard in Resources */ = {isa = PBXBuildFile; fileRef = 8DC1E0F525FAE56B00A1CA7E /* LaunchScreen.storyboard */; };
		8DC1E11625FAE87100A1CA7E /* String+Ex.swift in Sources */ = {isa = PBXBuildFile; fileRef = 8DC1E11525FAE87100A1CA7E /* String+Ex.swift */; };
		8DC1E11A25FAE89B00A1CA7E /* Color+Ex.swift in Sources */ = {isa = PBXBuildFile; fileRef = 8DC1E11925FAE89B00A1CA7E /* Color+Ex.swift */; };
		8DC1E11E25FAE8B200A1CA7E /* UIView+Ex.swift in Sources */ = {isa = PBXBuildFile; fileRef = 8DC1E11D25FAE8B200A1CA7E /* UIView+Ex.swift */; };
		8DC1E12925FAEA2100A1CA7E /* StartContainerNode.swift in Sources */ = {isa = PBXBuildFile; fileRef = 8DC1E12825FAEA2100A1CA7E /* StartContainerNode.swift */; };
		8DC1E13125FAECF600A1CA7E /* Constants.swift in Sources */ = {isa = PBXBuildFile; fileRef = 8DC1E13025FAECF600A1CA7E /* Constants.swift */; };
		8DC1E13525FAED3000A1CA7E /* Jua-Regular.ttf in Resources */ = {isa = PBXBuildFile; fileRef = 8DC1E13425FAED3000A1CA7E /* Jua-Regular.ttf */; };
		8DC8647625FEDDB30081F52C /* AuthAPI.swift in Sources */ = {isa = PBXBuildFile; fileRef = 8DC8647525FEDDB30081F52C /* AuthAPI.swift */; };
		8DC8647B25FEDE0D0081F52C /* LoginRequest.swift in Sources */ = {isa = PBXBuildFile; fileRef = 8DC8647A25FEDE0D0081F52C /* LoginRequest.swift */; };
		8DC8647F25FEDFB40081F52C /* RegisterRequest.swift in Sources */ = {isa = PBXBuildFile; fileRef = 8DC8647E25FEDFB40081F52C /* RegisterRequest.swift */; };
		8DC8648525FEE6010081F52C /* AuthRemote.swift in Sources */ = {isa = PBXBuildFile; fileRef = 8DC8648425FEE6010081F52C /* AuthRemote.swift */; };
		8DC8648A25FEE6D20081F52C /* Response.swift in Sources */ = {isa = PBXBuildFile; fileRef = 8DC8648925FEE6D20081F52C /* Response.swift */; };
		8DC8648D25FEE7C10081F52C /* LoginData.swift in Sources */ = {isa = PBXBuildFile; fileRef = 8DC8648C25FEE7C10081F52C /* LoginData.swift */; };
		8DC8649325FEEA440081F52C /* AuthRepository.swift in Sources */ = {isa = PBXBuildFile; fileRef = 8DC8649225FEEA440081F52C /* AuthRepository.swift */; };
		8DC8649925FEEAD70081F52C /* AuthRepositoryImpl.swift in Sources */ = {isa = PBXBuildFile; fileRef = 8DC8649825FEEAD70081F52C /* AuthRepositoryImpl.swift */; };
		8DC8649D25FEEFC10081F52C /* MBProgressHUD+Ex.swift in Sources */ = {isa = PBXBuildFile; fileRef = 8DC8649C25FEEFC10081F52C /* MBProgressHUD+Ex.swift */; };
		8DC864A225FEF2CE0081F52C /* HomeViewController.swift in Sources */ = {isa = PBXBuildFile; fileRef = 8DC864A125FEF2CE0081F52C /* HomeViewController.swift */; };
		8DC864A625FEF4E80081F52C /* AuthController.swift in Sources */ = {isa = PBXBuildFile; fileRef = 8DC864A525FEF4E80081F52C /* AuthController.swift */; };
		8DC864AA25FEF6390081F52C /* SplashViewContoller.swift in Sources */ = {isa = PBXBuildFile; fileRef = 8DC864A925FEF6390081F52C /* SplashViewContoller.swift */; };
		8DC864AF25FEF9F60081F52C /* TabBarController.swift in Sources */ = {isa = PBXBuildFile; fileRef = 8DC864AE25FEF9F60081F52C /* TabBarController.swift */; };
		8DC864B325FEFA380081F52C /* CityViewController.swift in Sources */ = {isa = PBXBuildFile; fileRef = 8DC864B225FEFA380081F52C /* CityViewController.swift */; };
		8DC864B725FF04DD0081F52C /* UserAPI.swift in Sources */ = {isa = PBXBuildFile; fileRef = 8DC864B625FF04DD0081F52C /* UserAPI.swift */; };
		8DC864BA25FF05BE0081F52C /* UserRemote.swift in Sources */ = {isa = PBXBuildFile; fileRef = 8DC864B925FF05BE0081F52C /* UserRemote.swift */; };
		8DC864BD25FF05C70081F52C /* UserData.swift in Sources */ = {isa = PBXBuildFile; fileRef = 8DC864BC25FF05C70081F52C /* UserData.swift */; };
		8DC864C025FF06AC0081F52C /* UserRepositoryImpl.swift in Sources */ = {isa = PBXBuildFile; fileRef = 8DC864BF25FF06AC0081F52C /* UserRepositoryImpl.swift */; };
		8DC864C325FF06D30081F52C /* UserRepository.swift in Sources */ = {isa = PBXBuildFile; fileRef = 8DC864C225FF06D30081F52C /* UserRepository.swift */; };
		8DC864D725FF088E0081F52C /* HomeViewModel.swift in Sources */ = {isa = PBXBuildFile; fileRef = 8DC864D625FF088E0081F52C /* HomeViewModel.swift */; };
		8DC864DA25FF18EB0081F52C /* ProductAPI.swift in Sources */ = {isa = PBXBuildFile; fileRef = 8DC864D925FF18EB0081F52C /* ProductAPI.swift */; };
		8DC864DD25FF1A430081F52C /* ProductRemote.swift in Sources */ = {isa = PBXBuildFile; fileRef = 8DC864DC25FF1A430081F52C /* ProductRemote.swift */; };
		8DC864E025FF1AA70081F52C /* ProductData.swift in Sources */ = {isa = PBXBuildFile; fileRef = 8DC864DF25FF1AA70081F52C /* ProductData.swift */; };
		8DC864E325FF1BF50081F52C /* ProductRepository.swift in Sources */ = {isa = PBXBuildFile; fileRef = 8DC864E225FF1BF50081F52C /* ProductRepository.swift */; };
		8DC864E625FF1C3D0081F52C /* ProductRepositoryImpl.swift in Sources */ = {isa = PBXBuildFile; fileRef = 8DC864E525FF1C3D0081F52C /* ProductRepositoryImpl.swift */; };
		8DC864EA25FF1E180081F52C /* HomeContainer.swift in Sources */ = {isa = PBXBuildFile; fileRef = 8DC864E925FF1E180081F52C /* HomeContainer.swift */; };
		8DC864ED25FF201E0081F52C /* ProductCell.swift in Sources */ = {isa = PBXBuildFile; fileRef = 8DC864EC25FF201E0081F52C /* ProductCell.swift */; };
/* End PBXBuildFile section */

/* Begin PBXFileReference section */
		2DC87B2BD796EBAA5B3F5A65 /* Pods-Orange-Market.debug.xcconfig */ = {isa = PBXFileReference; includeInIndex = 1; lastKnownFileType = text.xcconfig; name = "Pods-Orange-Market.debug.xcconfig"; path = "Target Support Files/Pods-Orange-Market/Pods-Orange-Market.debug.xcconfig"; sourceTree = "<group>"; };
		5CC4D7381A761C52278576A3 /* Pods_Orange_Market.framework */ = {isa = PBXFileReference; explicitFileType = wrapper.framework; includeInIndex = 0; path = Pods_Orange_Market.framework; sourceTree = BUILT_PRODUCTS_DIR; };
		8569ECC66D22DE2FB14ECDC9 /* Pods-Orange-Market.release.xcconfig */ = {isa = PBXFileReference; includeInIndex = 1; lastKnownFileType = text.xcconfig; name = "Pods-Orange-Market.release.xcconfig"; path = "Target Support Files/Pods-Orange-Market/Pods-Orange-Market.release.xcconfig"; sourceTree = "<group>"; };
		8D0EA9D125FAF8F800514930 /* LoginViewController.swift */ = {isa = PBXFileReference; lastKnownFileType = sourcecode.swift; path = LoginViewController.swift; sourceTree = "<group>"; };
		8D0EA9D725FAF95000514930 /* LoginContainerNode.swift */ = {isa = PBXFileReference; lastKnownFileType = sourcecode.swift; path = LoginContainerNode.swift; sourceTree = "<group>"; };
		8D0EA9DB25FB020100514930 /* LoginViewModel.swift */ = {isa = PBXFileReference; lastKnownFileType = sourcecode.swift; path = LoginViewModel.swift; sourceTree = "<group>"; };
		8D0EA9E025FB023E00514930 /* ViewModelType.swift */ = {isa = PBXFileReference; lastKnownFileType = sourcecode.swift; path = ViewModelType.swift; sourceTree = "<group>"; };
		8D2F98922600285400C8BE0C /* ProductAddViewController.swift */ = {isa = PBXFileReference; lastKnownFileType = sourcecode.swift; path = ProductAddViewController.swift; sourceTree = "<group>"; };
		8D2F989826002BFF00C8BE0C /* ProductAddContainer.swift */ = {isa = PBXFileReference; lastKnownFileType = sourcecode.swift; path = ProductAddContainer.swift; sourceTree = "<group>"; };
		8D2F989B260042CB00C8BE0C /* ProductAddViewModel.swift */ = {isa = PBXFileReference; lastKnownFileType = sourcecode.swift; path = ProductAddViewModel.swift; sourceTree = "<group>"; };
		8D2F989E2600437800C8BE0C /* UploadAPI.swift */ = {isa = PBXFileReference; lastKnownFileType = sourcecode.swift; path = UploadAPI.swift; sourceTree = "<group>"; };
		8D2F98A12600469500C8BE0C /* UploadRemote.swift */ = {isa = PBXFileReference; lastKnownFileType = sourcecode.swift; path = UploadRemote.swift; sourceTree = "<group>"; };
		8D2F98A426004C5000C8BE0C /* UploadRepository.swift */ = {isa = PBXFileReference; lastKnownFileType = sourcecode.swift; path = UploadRepository.swift; sourceTree = "<group>"; };
		8D2F98A726004C9500C8BE0C /* UploadRepositoryImpl.swift */ = {isa = PBXFileReference; lastKnownFileType = sourcecode.swift; path = UploadRepositoryImpl.swift; sourceTree = "<group>"; };
		8D2F98AA2600561A00C8BE0C /* ProductImageCell.swift */ = {isa = PBXFileReference; lastKnownFileType = sourcecode.swift; path = ProductImageCell.swift; sourceTree = "<group>"; };
		8D96E5B326006F9F00A1292D /* ProductRequest.swift */ = {isa = PBXFileReference; lastKnownFileType = sourcecode.swift; path = ProductRequest.swift; sourceTree = "<group>"; };
		8DC1E0E725FAE56A00A1CA7E /* Orange-Market.app */ = {isa = PBXFileReference; explicitFileType = wrapper.application; includeInIndex = 0; path = "Orange-Market.app"; sourceTree = BUILT_PRODUCTS_DIR; };
		8DC1E0EA25FAE56A00A1CA7E /* AppDelegate.swift */ = {isa = PBXFileReference; lastKnownFileType = sourcecode.swift; path = AppDelegate.swift; sourceTree = "<group>"; };
		8DC1E0EC25FAE56A00A1CA7E /* SceneDelegate.swift */ = {isa = PBXFileReference; lastKnownFileType = sourcecode.swift; path = SceneDelegate.swift; sourceTree = "<group>"; };
		8DC1E0EE25FAE56A00A1CA7E /* StartViewController.swift */ = {isa = PBXFileReference; lastKnownFileType = sourcecode.swift; path = StartViewController.swift; sourceTree = "<group>"; };
		8DC1E0F325FAE56B00A1CA7E /* Assets.xcassets */ = {isa = PBXFileReference; lastKnownFileType = folder.assetcatalog; path = Assets.xcassets; sourceTree = "<group>"; };
		8DC1E0F625FAE56B00A1CA7E /* Base */ = {isa = PBXFileReference; lastKnownFileType = file.storyboard; name = Base; path = Base.lproj/LaunchScreen.storyboard; sourceTree = "<group>"; };
		8DC1E0F825FAE56B00A1CA7E /* Info.plist */ = {isa = PBXFileReference; lastKnownFileType = text.plist.xml; path = Info.plist; sourceTree = "<group>"; };
		8DC1E11525FAE87100A1CA7E /* String+Ex.swift */ = {isa = PBXFileReference; lastKnownFileType = sourcecode.swift; path = "String+Ex.swift"; sourceTree = "<group>"; };
		8DC1E11925FAE89B00A1CA7E /* Color+Ex.swift */ = {isa = PBXFileReference; lastKnownFileType = sourcecode.swift; path = "Color+Ex.swift"; sourceTree = "<group>"; };
		8DC1E11D25FAE8B200A1CA7E /* UIView+Ex.swift */ = {isa = PBXFileReference; lastKnownFileType = sourcecode.swift; path = "UIView+Ex.swift"; sourceTree = "<group>"; };
		8DC1E12825FAEA2100A1CA7E /* StartContainerNode.swift */ = {isa = PBXFileReference; lastKnownFileType = sourcecode.swift; path = StartContainerNode.swift; sourceTree = "<group>"; };
		8DC1E13025FAECF600A1CA7E /* Constants.swift */ = {isa = PBXFileReference; lastKnownFileType = sourcecode.swift; path = Constants.swift; sourceTree = "<group>"; };
		8DC1E13425FAED3000A1CA7E /* Jua-Regular.ttf */ = {isa = PBXFileReference; lastKnownFileType = file; path = "Jua-Regular.ttf"; sourceTree = "<group>"; };
		8DC8647525FEDDB30081F52C /* AuthAPI.swift */ = {isa = PBXFileReference; lastKnownFileType = sourcecode.swift; path = AuthAPI.swift; sourceTree = "<group>"; };
		8DC8647A25FEDE0D0081F52C /* LoginRequest.swift */ = {isa = PBXFileReference; lastKnownFileType = sourcecode.swift; path = LoginRequest.swift; sourceTree = "<group>"; };
		8DC8647E25FEDFB40081F52C /* RegisterRequest.swift */ = {isa = PBXFileReference; lastKnownFileType = sourcecode.swift; path = RegisterRequest.swift; sourceTree = "<group>"; };
		8DC8648425FEE6010081F52C /* AuthRemote.swift */ = {isa = PBXFileReference; lastKnownFileType = sourcecode.swift; path = AuthRemote.swift; sourceTree = "<group>"; };
		8DC8648925FEE6D20081F52C /* Response.swift */ = {isa = PBXFileReference; lastKnownFileType = sourcecode.swift; path = Response.swift; sourceTree = "<group>"; };
		8DC8648C25FEE7C10081F52C /* LoginData.swift */ = {isa = PBXFileReference; lastKnownFileType = sourcecode.swift; path = LoginData.swift; sourceTree = "<group>"; };
		8DC8649225FEEA440081F52C /* AuthRepository.swift */ = {isa = PBXFileReference; lastKnownFileType = sourcecode.swift; path = AuthRepository.swift; sourceTree = "<group>"; };
		8DC8649825FEEAD70081F52C /* AuthRepositoryImpl.swift */ = {isa = PBXFileReference; lastKnownFileType = sourcecode.swift; path = AuthRepositoryImpl.swift; sourceTree = "<group>"; };
		8DC8649C25FEEFC10081F52C /* MBProgressHUD+Ex.swift */ = {isa = PBXFileReference; lastKnownFileType = sourcecode.swift; path = "MBProgressHUD+Ex.swift"; sourceTree = "<group>"; };
		8DC864A125FEF2CE0081F52C /* HomeViewController.swift */ = {isa = PBXFileReference; lastKnownFileType = sourcecode.swift; path = HomeViewController.swift; sourceTree = "<group>"; };
		8DC864A525FEF4E80081F52C /* AuthController.swift */ = {isa = PBXFileReference; lastKnownFileType = sourcecode.swift; path = AuthController.swift; sourceTree = "<group>"; };
		8DC864A925FEF6390081F52C /* SplashViewContoller.swift */ = {isa = PBXFileReference; lastKnownFileType = sourcecode.swift; path = SplashViewContoller.swift; sourceTree = "<group>"; };
		8DC864AE25FEF9F60081F52C /* TabBarController.swift */ = {isa = PBXFileReference; lastKnownFileType = sourcecode.swift; path = TabBarController.swift; sourceTree = "<group>"; };
		8DC864B225FEFA380081F52C /* CityViewController.swift */ = {isa = PBXFileReference; lastKnownFileType = sourcecode.swift; path = CityViewController.swift; sourceTree = "<group>"; };
		8DC864B625FF04DD0081F52C /* UserAPI.swift */ = {isa = PBXFileReference; lastKnownFileType = sourcecode.swift; path = UserAPI.swift; sourceTree = "<group>"; };
		8DC864B925FF05BE0081F52C /* UserRemote.swift */ = {isa = PBXFileReference; lastKnownFileType = sourcecode.swift; path = UserRemote.swift; sourceTree = "<group>"; };
		8DC864BC25FF05C70081F52C /* UserData.swift */ = {isa = PBXFileReference; lastKnownFileType = sourcecode.swift; path = UserData.swift; sourceTree = "<group>"; };
		8DC864BF25FF06AC0081F52C /* UserRepositoryImpl.swift */ = {isa = PBXFileReference; lastKnownFileType = sourcecode.swift; path = UserRepositoryImpl.swift; sourceTree = "<group>"; };
		8DC864C225FF06D30081F52C /* UserRepository.swift */ = {isa = PBXFileReference; lastKnownFileType = sourcecode.swift; path = UserRepository.swift; sourceTree = "<group>"; };
		8DC864D625FF088E0081F52C /* HomeViewModel.swift */ = {isa = PBXFileReference; lastKnownFileType = sourcecode.swift; path = HomeViewModel.swift; sourceTree = "<group>"; };
		8DC864D925FF18EB0081F52C /* ProductAPI.swift */ = {isa = PBXFileReference; lastKnownFileType = sourcecode.swift; path = ProductAPI.swift; sourceTree = "<group>"; };
		8DC864DC25FF1A430081F52C /* ProductRemote.swift */ = {isa = PBXFileReference; lastKnownFileType = sourcecode.swift; path = ProductRemote.swift; sourceTree = "<group>"; };
		8DC864DF25FF1AA70081F52C /* ProductData.swift */ = {isa = PBXFileReference; lastKnownFileType = sourcecode.swift; path = ProductData.swift; sourceTree = "<group>"; };
		8DC864E225FF1BF50081F52C /* ProductRepository.swift */ = {isa = PBXFileReference; lastKnownFileType = sourcecode.swift; path = ProductRepository.swift; sourceTree = "<group>"; };
		8DC864E525FF1C3D0081F52C /* ProductRepositoryImpl.swift */ = {isa = PBXFileReference; lastKnownFileType = sourcecode.swift; path = ProductRepositoryImpl.swift; sourceTree = "<group>"; };
		8DC864E925FF1E180081F52C /* HomeContainer.swift */ = {isa = PBXFileReference; lastKnownFileType = sourcecode.swift; path = HomeContainer.swift; sourceTree = "<group>"; };
		8DC864EC25FF201E0081F52C /* ProductCell.swift */ = {isa = PBXFileReference; lastKnownFileType = sourcecode.swift; path = ProductCell.swift; sourceTree = "<group>"; };
/* End PBXFileReference section */

/* Begin PBXFrameworksBuildPhase section */
		8DC1E0E425FAE56A00A1CA7E /* Frameworks */ = {
			isa = PBXFrameworksBuildPhase;
			buildActionMask = 2147483647;
			files = (
				15BE8846B1B80DD27BB6EFB4 /* Pods_Orange_Market.framework in Frameworks */,
			);
			runOnlyForDeploymentPostprocessing = 0;
		};
/* End PBXFrameworksBuildPhase section */

/* Begin PBXGroup section */
		8D0EA9CF25FAF8E600514930 /* Login */ = {
			isa = PBXGroup;
			children = (
				8D0EA9D625FAF93500514930 /* Components */,
				8D0EA9D125FAF8F800514930 /* LoginViewController.swift */,
				8D0EA9DB25FB020100514930 /* LoginViewModel.swift */,
			);
			path = Login;
			sourceTree = "<group>";
		};
		8D0EA9D625FAF93500514930 /* Components */ = {
			isa = PBXGroup;
			children = (
				8D0EA9D725FAF95000514930 /* LoginContainerNode.swift */,
			);
			path = Components;
			sourceTree = "<group>";
		};
		8D0EA9DF25FB022C00514930 /* Core */ = {
			isa = PBXGroup;
			children = (
				8D0EA9E025FB023E00514930 /* ViewModelType.swift */,
			);
			path = Core;
			sourceTree = "<group>";
		};
		8D2F98912600282400C8BE0C /* ProductAdd */ = {
			isa = PBXGroup;
			children = (
				8D2F989726002BEC00C8BE0C /* Components */,
				8D2F98922600285400C8BE0C /* ProductAddViewController.swift */,
				8D2F989B260042CB00C8BE0C /* ProductAddViewModel.swift */,
			);
			path = ProductAdd;
			sourceTree = "<group>";
		};
		8D2F989726002BEC00C8BE0C /* Components */ = {
			isa = PBXGroup;
			children = (
				8D2F989826002BFF00C8BE0C /* ProductAddContainer.swift */,
				8D2F98AA2600561A00C8BE0C /* ProductImageCell.swift */,
			);
			path = Components;
			sourceTree = "<group>";
		};
		8DC1E0DE25FAE56A00A1CA7E = {
			isa = PBXGroup;
			children = (
				8DC1E0E925FAE56A00A1CA7E /* Orange-Market */,
				8DC1E0E825FAE56A00A1CA7E /* Products */,
				9876297D34FE3BCC74DB3A16 /* Pods */,
				FAD34243CCFD9D7E0D8D237E /* Frameworks */,
			);
			sourceTree = "<group>";
		};
		8DC1E0E825FAE56A00A1CA7E /* Products */ = {
			isa = PBXGroup;
			children = (
				8DC1E0E725FAE56A00A1CA7E /* Orange-Market.app */,
			);
			name = Products;
			sourceTree = "<group>";
		};
		8DC1E0E925FAE56A00A1CA7E /* Orange-Market */ = {
			isa = PBXGroup;
			children = (
				8DC1E11025FAE7A300A1CA7E /* Resource */,
				8DC1E11125FAE7AE00A1CA7E /* Source */,
				8DC1E0F825FAE56B00A1CA7E /* Info.plist */,
			);
			path = "Orange-Market";
			sourceTree = "<group>";
		};
		8DC1E11025FAE7A300A1CA7E /* Resource */ = {
			isa = PBXGroup;
			children = (
				8DC1E13425FAED3000A1CA7E /* Jua-Regular.ttf */,
				8DC1E0F325FAE56B00A1CA7E /* Assets.xcassets */,
				8DC1E0F525FAE56B00A1CA7E /* LaunchScreen.storyboard */,
			);
			path = Resource;
			sourceTree = "<group>";
		};
		8DC1E11125FAE7AE00A1CA7E /* Source */ = {
			isa = PBXGroup;
			children = (
				8DC8648125FEE5B10081F52C /* Data */,
				8DC8649025FEEA2B0081F52C /* Domain */,
				8DC8648225FEE5B90081F52C /* Presentation */,
			);
			path = Source;
			sourceTree = "<group>";
		};
		8DC1E11325FAE7FF00A1CA7E /* Delegates */ = {
			isa = PBXGroup;
			children = (
				8DC1E0EA25FAE56A00A1CA7E /* AppDelegate.swift */,
				8DC1E0EC25FAE56A00A1CA7E /* SceneDelegate.swift */,
			);
			path = Delegates;
			sourceTree = "<group>";
		};
		8DC1E11425FAE82100A1CA7E /* Extensions */ = {
			isa = PBXGroup;
			children = (
				8DC1E11525FAE87100A1CA7E /* String+Ex.swift */,
				8DC1E11925FAE89B00A1CA7E /* Color+Ex.swift */,
				8DC1E11D25FAE8B200A1CA7E /* UIView+Ex.swift */,
				8DC8649C25FEEFC10081F52C /* MBProgressHUD+Ex.swift */,
			);
			path = Extensions;
			sourceTree = "<group>";
		};
		8DC1E12025FAE8FE00A1CA7E /* Scenes */ = {
			isa = PBXGroup;
			children = (
				8D2F98912600282400C8BE0C /* ProductAdd */,
				8DC864A825FEF61C0081F52C /* Splash */,
				8D0EA9CF25FAF8E600514930 /* Login */,
				8DC1E12D25FAEA9600A1CA7E /* Start */,
				8DC864A025FEF2C60081F52C /* Home */,
				8DC864B125FEFA190081F52C /* City */,
				8DC864AE25FEF9F60081F52C /* TabBarController.swift */,
			);
			path = Scenes;
			sourceTree = "<group>";
		};
		8DC1E12725FAE9F600A1CA7E /* Components */ = {
			isa = PBXGroup;
			children = (
				8DC1E12825FAEA2100A1CA7E /* StartContainerNode.swift */,
			);
			path = Components;
			sourceTree = "<group>";
		};
		8DC1E12D25FAEA9600A1CA7E /* Start */ = {
			isa = PBXGroup;
			children = (
				8DC1E12725FAE9F600A1CA7E /* Components */,
				8DC1E0EE25FAE56A00A1CA7E /* StartViewController.swift */,
			);
			path = Start;
			sourceTree = "<group>";
		};
		8DC1E12F25FAEC8500A1CA7E /* Utils */ = {
			isa = PBXGroup;
			children = (
				8DC1E13025FAECF600A1CA7E /* Constants.swift */,
				8DC864A525FEF4E80081F52C /* AuthController.swift */,
			);
			path = Utils;
			sourceTree = "<group>";
		};
		8DC8647325FEDD870081F52C /* Network */ = {
			isa = PBXGroup;
			children = (
				8DC8647425FEDDA10081F52C /* API */,
				8DC8647925FEDE020081F52C /* Request */,
				8DC8648825FEE6B20081F52C /* Response */,
				8DC8648325FEE5F10081F52C /* Remote */,
			);
			path = Network;
			sourceTree = "<group>";
		};
		8DC8647425FEDDA10081F52C /* API */ = {
			isa = PBXGroup;
			children = (
				8DC8647525FEDDB30081F52C /* AuthAPI.swift */,
				8DC864B625FF04DD0081F52C /* UserAPI.swift */,
				8DC864D925FF18EB0081F52C /* ProductAPI.swift */,
				8D2F989E2600437800C8BE0C /* UploadAPI.swift */,
			);
			path = API;
			sourceTree = "<group>";
		};
		8DC8647925FEDE020081F52C /* Request */ = {
			isa = PBXGroup;
			children = (
				8DC8647A25FEDE0D0081F52C /* LoginRequest.swift */,
				8DC8647E25FEDFB40081F52C /* RegisterRequest.swift */,
				8D96E5B326006F9F00A1292D /* ProductRequest.swift */,
			);
			path = Request;
			sourceTree = "<group>";
		};
		8DC8648125FEE5B10081F52C /* Data */ = {
			isa = PBXGroup;
			children = (
				8DC8649725FEEAB60081F52C /* Repository */,
				8DC8647325FEDD870081F52C /* Network */,
				8DC1E12F25FAEC8500A1CA7E /* Utils */,
			);
			path = Data;
			sourceTree = "<group>";
		};
		8DC8648225FEE5B90081F52C /* Presentation */ = {
			isa = PBXGroup;
			children = (
				8D0EA9DF25FB022C00514930 /* Core */,
				8DC1E12025FAE8FE00A1CA7E /* Scenes */,
				8DC1E11425FAE82100A1CA7E /* Extensions */,
				8DC1E11325FAE7FF00A1CA7E /* Delegates */,
			);
			path = Presentation;
			sourceTree = "<group>";
		};
		8DC8648325FEE5F10081F52C /* Remote */ = {
			isa = PBXGroup;
			children = (
				8DC8648425FEE6010081F52C /* AuthRemote.swift */,
				8DC864B925FF05BE0081F52C /* UserRemote.swift */,
				8DC864DC25FF1A430081F52C /* ProductRemote.swift */,
				8D2F98A12600469500C8BE0C /* UploadRemote.swift */,
			);
			path = Remote;
			sourceTree = "<group>";
		};
		8DC8648825FEE6B20081F52C /* Response */ = {
			isa = PBXGroup;
			children = (
				8DC8648925FEE6D20081F52C /* Response.swift */,
				8DC8648C25FEE7C10081F52C /* LoginData.swift */,
				8DC864BC25FF05C70081F52C /* UserData.swift */,
				8DC864DF25FF1AA70081F52C /* ProductData.swift */,
			);
			path = Response;
			sourceTree = "<group>";
		};
		8DC8649025FEEA2B0081F52C /* Domain */ = {
			isa = PBXGroup;
			children = (
				8DC8649125FEEA350081F52C /* Repository */,
			);
			path = Domain;
			sourceTree = "<group>";
		};
		8DC8649125FEEA350081F52C /* Repository */ = {
			isa = PBXGroup;
			children = (
				8DC8649225FEEA440081F52C /* AuthRepository.swift */,
				8DC864C225FF06D30081F52C /* UserRepository.swift */,
				8DC864E225FF1BF50081F52C /* ProductRepository.swift */,
				8D2F98A426004C5000C8BE0C /* UploadRepository.swift */,
			);
			path = Repository;
			sourceTree = "<group>";
		};
		8DC8649725FEEAB60081F52C /* Repository */ = {
			isa = PBXGroup;
			children = (
				8DC8649825FEEAD70081F52C /* AuthRepositoryImpl.swift */,
				8DC864BF25FF06AC0081F52C /* UserRepositoryImpl.swift */,
				8DC864E525FF1C3D0081F52C /* ProductRepositoryImpl.swift */,
				8D2F98A726004C9500C8BE0C /* UploadRepositoryImpl.swift */,
			);
			path = Repository;
			sourceTree = "<group>";
		};
		8DC864A025FEF2C60081F52C /* Home */ = {
			isa = PBXGroup;
			children = (
				8DC864E825FF1E050081F52C /* Components */,
				8DC864A125FEF2CE0081F52C /* HomeViewController.swift */,
				8DC864D625FF088E0081F52C /* HomeViewModel.swift */,
			);
			path = Home;
			sourceTree = "<group>";
		};
		8DC864A825FEF61C0081F52C /* Splash */ = {
			isa = PBXGroup;
			children = (
				8DC864A925FEF6390081F52C /* SplashViewContoller.swift */,
			);
			path = Splash;
			sourceTree = "<group>";
		};
		8DC864B125FEFA190081F52C /* City */ = {
			isa = PBXGroup;
			children = (
				8DC864B225FEFA380081F52C /* CityViewController.swift */,
			);
			path = City;
			sourceTree = "<group>";
		};
		8DC864E825FF1E050081F52C /* Components */ = {
			isa = PBXGroup;
			children = (
				8DC864E925FF1E180081F52C /* HomeContainer.swift */,
				8DC864EC25FF201E0081F52C /* ProductCell.swift */,
			);
			path = Components;
			sourceTree = "<group>";
		};
		9876297D34FE3BCC74DB3A16 /* Pods */ = {
			isa = PBXGroup;
			children = (
				2DC87B2BD796EBAA5B3F5A65 /* Pods-Orange-Market.debug.xcconfig */,
				8569ECC66D22DE2FB14ECDC9 /* Pods-Orange-Market.release.xcconfig */,
			);
			path = Pods;
			sourceTree = "<group>";
		};
		FAD34243CCFD9D7E0D8D237E /* Frameworks */ = {
			isa = PBXGroup;
			children = (
				5CC4D7381A761C52278576A3 /* Pods_Orange_Market.framework */,
			);
			name = Frameworks;
			sourceTree = "<group>";
		};
/* End PBXGroup section */

/* Begin PBXNativeTarget section */
		8DC1E0E625FAE56A00A1CA7E /* Orange-Market */ = {
			isa = PBXNativeTarget;
			buildConfigurationList = 8DC1E0FB25FAE56B00A1CA7E /* Build configuration list for PBXNativeTarget "Orange-Market" */;
			buildPhases = (
				27F4E9AFB1E5F8A7AA312298 /* [CP] Check Pods Manifest.lock */,
				8DC1E0E325FAE56A00A1CA7E /* Sources */,
				8DC1E0E425FAE56A00A1CA7E /* Frameworks */,
				8DC1E0E525FAE56A00A1CA7E /* Resources */,
				3C2DE2CB592BAC942C59601F /* [CP] Embed Pods Frameworks */,
			);
			buildRules = (
			);
			dependencies = (
			);
			name = "Orange-Market";
			productName = "Orange-Market";
			productReference = 8DC1E0E725FAE56A00A1CA7E /* Orange-Market.app */;
			productType = "com.apple.product-type.application";
		};
/* End PBXNativeTarget section */

/* Begin PBXProject section */
		8DC1E0DF25FAE56A00A1CA7E /* Project object */ = {
			isa = PBXProject;
			attributes = {
				LastSwiftUpdateCheck = 1240;
				LastUpgradeCheck = 1240;
				TargetAttributes = {
					8DC1E0E625FAE56A00A1CA7E = {
						CreatedOnToolsVersion = 12.4;
					};
				};
			};
			buildConfigurationList = 8DC1E0E225FAE56A00A1CA7E /* Build configuration list for PBXProject "Orange-Market" */;
			compatibilityVersion = "Xcode 9.3";
			developmentRegion = en;
			hasScannedForEncodings = 0;
			knownRegions = (
				en,
				Base,
			);
			mainGroup = 8DC1E0DE25FAE56A00A1CA7E;
			productRefGroup = 8DC1E0E825FAE56A00A1CA7E /* Products */;
			projectDirPath = "";
			projectRoot = "";
			targets = (
				8DC1E0E625FAE56A00A1CA7E /* Orange-Market */,
			);
		};
/* End PBXProject section */

/* Begin PBXResourcesBuildPhase section */
		8DC1E0E525FAE56A00A1CA7E /* Resources */ = {
			isa = PBXResourcesBuildPhase;
			buildActionMask = 2147483647;
			files = (
				8DC1E13525FAED3000A1CA7E /* Jua-Regular.ttf in Resources */,
				8DC1E0F725FAE56B00A1CA7E /* LaunchScreen.storyboard in Resources */,
				8DC1E0F425FAE56B00A1CA7E /* Assets.xcassets in Resources */,
			);
			runOnlyForDeploymentPostprocessing = 0;
		};
/* End PBXResourcesBuildPhase section */

/* Begin PBXShellScriptBuildPhase section */
		27F4E9AFB1E5F8A7AA312298 /* [CP] Check Pods Manifest.lock */ = {
			isa = PBXShellScriptBuildPhase;
			buildActionMask = 2147483647;
			files = (
			);
			inputFileListPaths = (
			);
			inputPaths = (
				"${PODS_PODFILE_DIR_PATH}/Podfile.lock",
				"${PODS_ROOT}/Manifest.lock",
			);
			name = "[CP] Check Pods Manifest.lock";
			outputFileListPaths = (
			);
			outputPaths = (
				"$(DERIVED_FILE_DIR)/Pods-Orange-Market-checkManifestLockResult.txt",
			);
			runOnlyForDeploymentPostprocessing = 0;
			shellPath = /bin/sh;
			shellScript = "diff \"${PODS_PODFILE_DIR_PATH}/Podfile.lock\" \"${PODS_ROOT}/Manifest.lock\" > /dev/null\nif [ $? != 0 ] ; then\n    # print error to STDERR\n    echo \"error: The sandbox is not in sync with the Podfile.lock. Run 'pod install' or update your CocoaPods installation.\" >&2\n    exit 1\nfi\n# This output is used by Xcode 'outputs' to avoid re-running this script phase.\necho \"SUCCESS\" > \"${SCRIPT_OUTPUT_FILE_0}\"\n";
			showEnvVarsInLog = 0;
		};
		3C2DE2CB592BAC942C59601F /* [CP] Embed Pods Frameworks */ = {
			isa = PBXShellScriptBuildPhase;
			buildActionMask = 2147483647;
			files = (
			);
			inputFileListPaths = (
				"${PODS_ROOT}/Target Support Files/Pods-Orange-Market/Pods-Orange-Market-frameworks-${CONFIGURATION}-input-files.xcfilelist",
			);
			name = "[CP] Embed Pods Frameworks";
			outputFileListPaths = (
				"${PODS_ROOT}/Target Support Files/Pods-Orange-Market/Pods-Orange-Market-frameworks-${CONFIGURATION}-output-files.xcfilelist",
			);
			runOnlyForDeploymentPostprocessing = 0;
			shellPath = /bin/sh;
			shellScript = "\"${PODS_ROOT}/Target Support Files/Pods-Orange-Market/Pods-Orange-Market-frameworks.sh\"\n";
			showEnvVarsInLog = 0;
		};
/* End PBXShellScriptBuildPhase section */

/* Begin PBXSourcesBuildPhase section */
		8DC1E0E325FAE56A00A1CA7E /* Sources */ = {
			isa = PBXSourcesBuildPhase;
			buildActionMask = 2147483647;
			files = (
				8D2F98A826004C9500C8BE0C /* UploadRepositoryImpl.swift in Sources */,
				8DC864EA25FF1E180081F52C /* HomeContainer.swift in Sources */,
				8D0EA9D225FAF8F800514930 /* LoginViewController.swift in Sources */,
				8D2F989C260042CB00C8BE0C /* ProductAddViewModel.swift in Sources */,
				8DC864E025FF1AA70081F52C /* ProductData.swift in Sources */,
				8DC864B325FEFA380081F52C /* CityViewController.swift in Sources */,
				8DC1E12925FAEA2100A1CA7E /* StartContainerNode.swift in Sources */,
				8DC864D725FF088E0081F52C /* HomeViewModel.swift in Sources */,
				8DC864A625FEF4E80081F52C /* AuthController.swift in Sources */,
				8DC864E625FF1C3D0081F52C /* ProductRepositoryImpl.swift in Sources */,
				8DC864AF25FEF9F60081F52C /* TabBarController.swift in Sources */,
				8DC8648D25FEE7C10081F52C /* LoginData.swift in Sources */,
				8DC8647F25FEDFB40081F52C /* RegisterRequest.swift in Sources */,
				8DC8648A25FEE6D20081F52C /* Response.swift in Sources */,
				8DC864C025FF06AC0081F52C /* UserRepositoryImpl.swift in Sources */,
				8DC864E325FF1BF50081F52C /* ProductRepository.swift in Sources */,
				8D2F989F2600437800C8BE0C /* UploadAPI.swift in Sources */,
				8DC864B725FF04DD0081F52C /* UserAPI.swift in Sources */,
				8DC8649925FEEAD70081F52C /* AuthRepositoryImpl.swift in Sources */,
				8DC1E0EF25FAE56A00A1CA7E /* StartViewController.swift in Sources */,
				8DC864DD25FF1A430081F52C /* ProductRemote.swift in Sources */,
				8DC864A225FEF2CE0081F52C /* HomeViewController.swift in Sources */,
				8DC8647625FEDDB30081F52C /* AuthAPI.swift in Sources */,
				8D2F98A526004C5000C8BE0C /* UploadRepository.swift in Sources */,
				8DC8649325FEEA440081F52C /* AuthRepository.swift in Sources */,
				8D96E5B426006FA000A1292D /* ProductRequest.swift in Sources */,
				8D2F98AB2600561A00C8BE0C /* ProductImageCell.swift in Sources */,
				8DC1E11625FAE87100A1CA7E /* String+Ex.swift in Sources */,
				8DC864C325FF06D30081F52C /* UserRepository.swift in Sources */,
				8DC864AA25FEF6390081F52C /* SplashViewContoller.swift in Sources */,
				8DC8647B25FEDE0D0081F52C /* LoginRequest.swift in Sources */,
				8DC1E0EB25FAE56A00A1CA7E /* AppDelegate.swift in Sources */,
				8DC1E0ED25FAE56A00A1CA7E /* SceneDelegate.swift in Sources */,
				8DC8648525FEE6010081F52C /* AuthRemote.swift in Sources */,
				8DC1E11A25FAE89B00A1CA7E /* Color+Ex.swift in Sources */,
				8D2F989926002BFF00C8BE0C /* ProductAddContainer.swift in Sources */,
				8DC1E11E25FAE8B200A1CA7E /* UIView+Ex.swift in Sources */,
				8DC864ED25FF201E0081F52C /* ProductCell.swift in Sources */,
				8DC864BD25FF05C70081F52C /* UserData.swift in Sources */,
				8DC864BA25FF05BE0081F52C /* UserRemote.swift in Sources */,
				8DC8649D25FEEFC10081F52C /* MBProgressHUD+Ex.swift in Sources */,
				8D2F98932600285400C8BE0C /* ProductAddViewController.swift in Sources */,
				8D0EA9E125FB023E00514930 /* ViewModelType.swift in Sources */,
				8DC864DA25FF18EB0081F52C /* ProductAPI.swift in Sources */,
				8DC1E13125FAECF600A1CA7E /* Constants.swift in Sources */,
				8D0EA9DC25FB020100514930 /* LoginViewModel.swift in Sources */,
				8D2F98A22600469500C8BE0C /* UploadRemote.swift in Sources */,
				8D0EA9D825FAF95000514930 /* LoginContainerNode.swift in Sources */,
			);
			runOnlyForDeploymentPostprocessing = 0;
		};
/* End PBXSourcesBuildPhase section */

/* Begin PBXVariantGroup section */
		8DC1E0F525FAE56B00A1CA7E /* LaunchScreen.storyboard */ = {
			isa = PBXVariantGroup;
			children = (
				8DC1E0F625FAE56B00A1CA7E /* Base */,
			);
			name = LaunchScreen.storyboard;
			sourceTree = "<group>";
		};
/* End PBXVariantGroup section */

/* Begin XCBuildConfiguration section */
		8DC1E0F925FAE56B00A1CA7E /* Debug */ = {
			isa = XCBuildConfiguration;
			buildSettings = {
				ALWAYS_SEARCH_USER_PATHS = NO;
				CLANG_ANALYZER_NONNULL = YES;
				CLANG_ANALYZER_NUMBER_OBJECT_CONVERSION = YES_AGGRESSIVE;
				CLANG_CXX_LANGUAGE_STANDARD = "gnu++14";
				CLANG_CXX_LIBRARY = "libc++";
				CLANG_ENABLE_MODULES = YES;
				CLANG_ENABLE_OBJC_ARC = YES;
				CLANG_ENABLE_OBJC_WEAK = YES;
				CLANG_WARN_BLOCK_CAPTURE_AUTORELEASING = YES;
				CLANG_WARN_BOOL_CONVERSION = YES;
				CLANG_WARN_COMMA = YES;
				CLANG_WARN_CONSTANT_CONVERSION = YES;
				CLANG_WARN_DEPRECATED_OBJC_IMPLEMENTATIONS = YES;
				CLANG_WARN_DIRECT_OBJC_ISA_USAGE = YES_ERROR;
				CLANG_WARN_DOCUMENTATION_COMMENTS = YES;
				CLANG_WARN_EMPTY_BODY = YES;
				CLANG_WARN_ENUM_CONVERSION = YES;
				CLANG_WARN_INFINITE_RECURSION = YES;
				CLANG_WARN_INT_CONVERSION = YES;
				CLANG_WARN_NON_LITERAL_NULL_CONVERSION = YES;
				CLANG_WARN_OBJC_IMPLICIT_RETAIN_SELF = YES;
				CLANG_WARN_OBJC_LITERAL_CONVERSION = YES;
				CLANG_WARN_OBJC_ROOT_CLASS = YES_ERROR;
				CLANG_WARN_QUOTED_INCLUDE_IN_FRAMEWORK_HEADER = YES;
				CLANG_WARN_RANGE_LOOP_ANALYSIS = YES;
				CLANG_WARN_STRICT_PROTOTYPES = YES;
				CLANG_WARN_SUSPICIOUS_MOVE = YES;
				CLANG_WARN_UNGUARDED_AVAILABILITY = YES_AGGRESSIVE;
				CLANG_WARN_UNREACHABLE_CODE = YES;
				CLANG_WARN__DUPLICATE_METHOD_MATCH = YES;
				COPY_PHASE_STRIP = NO;
				DEBUG_INFORMATION_FORMAT = dwarf;
				ENABLE_STRICT_OBJC_MSGSEND = YES;
				ENABLE_TESTABILITY = YES;
				GCC_C_LANGUAGE_STANDARD = gnu11;
				GCC_DYNAMIC_NO_PIC = NO;
				GCC_NO_COMMON_BLOCKS = YES;
				GCC_OPTIMIZATION_LEVEL = 0;
				GCC_PREPROCESSOR_DEFINITIONS = (
					"DEBUG=1",
					"$(inherited)",
				);
				GCC_WARN_64_TO_32_BIT_CONVERSION = YES;
				GCC_WARN_ABOUT_RETURN_TYPE = YES_ERROR;
				GCC_WARN_UNDECLARED_SELECTOR = YES;
				GCC_WARN_UNINITIALIZED_AUTOS = YES_AGGRESSIVE;
				GCC_WARN_UNUSED_FUNCTION = YES;
				GCC_WARN_UNUSED_VARIABLE = YES;
				IPHONEOS_DEPLOYMENT_TARGET = 14.4;
				MTL_ENABLE_DEBUG_INFO = INCLUDE_SOURCE;
				MTL_FAST_MATH = YES;
				ONLY_ACTIVE_ARCH = YES;
				SDKROOT = iphoneos;
				SWIFT_ACTIVE_COMPILATION_CONDITIONS = DEBUG;
				SWIFT_OPTIMIZATION_LEVEL = "-Onone";
			};
			name = Debug;
		};
		8DC1E0FA25FAE56B00A1CA7E /* Release */ = {
			isa = XCBuildConfiguration;
			buildSettings = {
				ALWAYS_SEARCH_USER_PATHS = NO;
				CLANG_ANALYZER_NONNULL = YES;
				CLANG_ANALYZER_NUMBER_OBJECT_CONVERSION = YES_AGGRESSIVE;
				CLANG_CXX_LANGUAGE_STANDARD = "gnu++14";
				CLANG_CXX_LIBRARY = "libc++";
				CLANG_ENABLE_MODULES = YES;
				CLANG_ENABLE_OBJC_ARC = YES;
				CLANG_ENABLE_OBJC_WEAK = YES;
				CLANG_WARN_BLOCK_CAPTURE_AUTORELEASING = YES;
				CLANG_WARN_BOOL_CONVERSION = YES;
				CLANG_WARN_COMMA = YES;
				CLANG_WARN_CONSTANT_CONVERSION = YES;
				CLANG_WARN_DEPRECATED_OBJC_IMPLEMENTATIONS = YES;
				CLANG_WARN_DIRECT_OBJC_ISA_USAGE = YES_ERROR;
				CLANG_WARN_DOCUMENTATION_COMMENTS = YES;
				CLANG_WARN_EMPTY_BODY = YES;
				CLANG_WARN_ENUM_CONVERSION = YES;
				CLANG_WARN_INFINITE_RECURSION = YES;
				CLANG_WARN_INT_CONVERSION = YES;
				CLANG_WARN_NON_LITERAL_NULL_CONVERSION = YES;
				CLANG_WARN_OBJC_IMPLICIT_RETAIN_SELF = YES;
				CLANG_WARN_OBJC_LITERAL_CONVERSION = YES;
				CLANG_WARN_OBJC_ROOT_CLASS = YES_ERROR;
				CLANG_WARN_QUOTED_INCLUDE_IN_FRAMEWORK_HEADER = YES;
				CLANG_WARN_RANGE_LOOP_ANALYSIS = YES;
				CLANG_WARN_STRICT_PROTOTYPES = YES;
				CLANG_WARN_SUSPICIOUS_MOVE = YES;
				CLANG_WARN_UNGUARDED_AVAILABILITY = YES_AGGRESSIVE;
				CLANG_WARN_UNREACHABLE_CODE = YES;
				CLANG_WARN__DUPLICATE_METHOD_MATCH = YES;
				COPY_PHASE_STRIP = NO;
				DEBUG_INFORMATION_FORMAT = "dwarf-with-dsym";
				ENABLE_NS_ASSERTIONS = NO;
				ENABLE_STRICT_OBJC_MSGSEND = YES;
				GCC_C_LANGUAGE_STANDARD = gnu11;
				GCC_NO_COMMON_BLOCKS = YES;
				GCC_WARN_64_TO_32_BIT_CONVERSION = YES;
				GCC_WARN_ABOUT_RETURN_TYPE = YES_ERROR;
				GCC_WARN_UNDECLARED_SELECTOR = YES;
				GCC_WARN_UNINITIALIZED_AUTOS = YES_AGGRESSIVE;
				GCC_WARN_UNUSED_FUNCTION = YES;
				GCC_WARN_UNUSED_VARIABLE = YES;
				IPHONEOS_DEPLOYMENT_TARGET = 14.4;
				MTL_ENABLE_DEBUG_INFO = NO;
				MTL_FAST_MATH = YES;
				SDKROOT = iphoneos;
				SWIFT_COMPILATION_MODE = wholemodule;
				SWIFT_OPTIMIZATION_LEVEL = "-O";
				VALIDATE_PRODUCT = YES;
			};
			name = Release;
		};
		8DC1E0FC25FAE56B00A1CA7E /* Debug */ = {
			isa = XCBuildConfiguration;
			baseConfigurationReference = 2DC87B2BD796EBAA5B3F5A65 /* Pods-Orange-Market.debug.xcconfig */;
			buildSettings = {
				ASSETCATALOG_COMPILER_APPICON_NAME = AppIcon;
				ASSETCATALOG_COMPILER_GLOBAL_ACCENT_COLOR_NAME = AccentColor;
				CODE_SIGN_STYLE = Automatic;
				DEVELOPMENT_TEAM = 98Y25V599G;
				INFOPLIST_FILE = "Orange-Market/Info.plist";
				IPHONEOS_DEPLOYMENT_TARGET = 14.1;
				LD_RUNPATH_SEARCH_PATHS = (
					"$(inherited)",
					"@executable_path/Frameworks",
				);
				PRODUCT_BUNDLE_IDENTIFIER = "kr.hs.dgsw.Orange-Market";
				PRODUCT_NAME = "$(TARGET_NAME)";
				SWIFT_VERSION = 5.0;
				TARGETED_DEVICE_FAMILY = "1,2";
			};
			name = Debug;
		};
		8DC1E0FD25FAE56B00A1CA7E /* Release */ = {
			isa = XCBuildConfiguration;
			baseConfigurationReference = 8569ECC66D22DE2FB14ECDC9 /* Pods-Orange-Market.release.xcconfig */;
			buildSettings = {
				ASSETCATALOG_COMPILER_APPICON_NAME = AppIcon;
				ASSETCATALOG_COMPILER_GLOBAL_ACCENT_COLOR_NAME = AccentColor;
				CODE_SIGN_STYLE = Automatic;
				DEVELOPMENT_TEAM = 98Y25V599G;
				INFOPLIST_FILE = "Orange-Market/Info.plist";
				IPHONEOS_DEPLOYMENT_TARGET = 14.1;
				LD_RUNPATH_SEARCH_PATHS = (
					"$(inherited)",
					"@executable_path/Frameworks",
				);
				PRODUCT_BUNDLE_IDENTIFIER = "kr.hs.dgsw.Orange-Market";
				PRODUCT_NAME = "$(TARGET_NAME)";
				SWIFT_VERSION = 5.0;
				TARGETED_DEVICE_FAMILY = "1,2";
			};
			name = Release;
		};
/* End XCBuildConfiguration section */

/* Begin XCConfigurationList section */
		8DC1E0E225FAE56A00A1CA7E /* Build configuration list for PBXProject "Orange-Market" */ = {
			isa = XCConfigurationList;
			buildConfigurations = (
				8DC1E0F925FAE56B00A1CA7E /* Debug */,
				8DC1E0FA25FAE56B00A1CA7E /* Release */,
			);
			defaultConfigurationIsVisible = 0;
			defaultConfigurationName = Release;
		};
		8DC1E0FB25FAE56B00A1CA7E /* Build configuration list for PBXNativeTarget "Orange-Market" */ = {
			isa = XCConfigurationList;
			buildConfigurations = (
				8DC1E0FC25FAE56B00A1CA7E /* Debug */,
				8DC1E0FD25FAE56B00A1CA7E /* Release */,
			);
			defaultConfigurationIsVisible = 0;
			defaultConfigurationName = Release;
		};
/* End XCConfigurationList section */
	};
	rootObject = 8DC1E0DF25FAE56A00A1CA7E /* Project object */;
}
